
Microsoft Visual Studio Solution File, Format Version 12.00
# Visual Studio Version 17
VisualStudioVersion = 17.4.33213.308
MinimumVisualStudioVersion = 10.0.40219.1
Project("{FAE04EC0-301F-11D3-BF4B-00C04F79EFBC}") = "AquaBrowser", "AquaBrowser\AquaBrowser.csproj", "{B0974B6A-5280-479A-8CC2-EDB91CAF3847}"
EndProject
Project("{54435603-DBB4-11D2-8724-00A0C9A8B90C}") = "Aquarium Installer", "Aquarium Installer\Aquarium Installer.vdproj", "{FA572F44-988C-42A3-881E-D75A06FF213D}"
EndProject
Global
	GlobalSection(SolutionConfigurationPlatforms) = preSolution
		Debug|Any CPU = Debug|Any CPU
		Release|Any CPU = Release|Any CPU
	EndGlobalSection
	GlobalSection(ProjectConfigurationPlatforms) = postSolution
		{B0974B6A-5280-479A-8CC2-EDB91CAF3847}.Debug|Any CPU.ActiveCfg = Debug|Any CPU
		{B0974B6A-5280-479A-8CC2-EDB91CAF3847}.Debug|Any CPU.Build.0 = Debug|Any CPU
		{B0974B6A-5280-479A-8CC2-EDB91CAF3847}.Release|Any CPU.ActiveCfg = Release|Any CPU
		{B0974B6A-5280-479A-8CC2-EDB91CAF3847}.Release|Any CPU.Build.0 = Release|Any CPU
		{FA572F44-988C-42A3-881E-D75A06FF213D}.Debug|Any CPU.ActiveCfg = Debug
		{FA572F44-988C-42A3-881E-D75A06FF213D}.Release|Any CPU.ActiveCfg = Release
	EndGlobalSection
	GlobalSection(SolutionProperties) = preSolution
		HideSolutionNode = FALSE
	EndGlobalSection
	GlobalSection(ExtensibilityGlobals) = postSolution
		SolutionGuid = {018F0F3D-EA9F-4006-BC6B-4E1F0DF63EA4}
	EndGlobalSection
EndGlobal
